
Microsoft Visual Studio Solution File, Format Version 12.00
# Visual Studio Version 17
VisualStudioVersion = 17.3.32929.385
MinimumVisualStudioVersion = 10.0.40219.1
Project("{9A19103F-16F7-4668-BE54-9A1E7A4F7556}") = "aspnet-net6", "aspnet-core-dotnet-core-net6\aspnet-net6.csproj", "{60D2A351-3E21-437D-8D71-97C1A85193A6}"
EndProject
Global
	GlobalSection(SolutionConfigurationPlatforms) = preSolution
		Debug|Any CPU = Debug|Any CPU
		Release|Any CPU = Release|Any CPU
	EndGlobalSection
	GlobalSection(ProjectConfigurationPlatforms) = postSolution
		{60D2A351-3E21-437D-8D71-97C1A85193A6}.Debug|Any CPU.ActiveCfg = Debug|Any CPU
		{60D2A351-3E21-437D-8D71-97C1A85193A6}.Debug|Any CPU.Build.0 = Debug|Any CPU
		{60D2A351-3E21-437D-8D71-97C1A85193A6}.Release|Any CPU.ActiveCfg = Release|Any CPU
		{60D2A351-3E21-437D-8D71-97C1A85193A6}.Release|Any CPU.Build.0 = Release|Any CPU
	EndGlobalSection
	GlobalSection(SolutionProperties) = preSolution
		HideSolutionNode = FALSE
	EndGlobalSection
	GlobalSection(ExtensibilityGlobals) = postSolution
		SolutionGuid = {11A23A0A-206A-4827-BBE8-CE44979FDDCE}
	EndGlobalSection
EndGlobal
